
Microsoft Visual Studio Solution File, Format Version 12.00
# Visual Studio 15
VisualStudioVersion = 15.0.27703.2047
MinimumVisualStudioVersion = 10.0.40219.1
Project("{FAE04EC0-301F-11D3-BF4B-00C04F79EFBC}") = "Crowe.HelloWorld.Api", "Crowe.HelloWorld.Api\Crowe.HelloWorld.Api.csproj", "{1E5F730B-5667-46AD-A8DC-EB7F4C8C7639}"
EndProject
Project("{FAE04EC0-301F-11D3-BF4B-00C04F79EFBC}") = "Crowe.HelloWorld.Api.Tests", "Crowe.HelloWorld.Api.Tests\Crowe.HelloWorld.Api.Tests.csproj", "{1C77710E-4D76-4C91-8B5A-5A531CCF419F}"
EndProject
Project("{FAE04EC0-301F-11D3-BF4B-00C04F79EFBC}") = "Crowe.HelloWorld.Console", "Crowe.HelloWorld.Console\Crowe.HelloWorld.Console.csproj", "{70ECA4BA-CAC1-467A-90AB-F7CFE0B5C868}"
EndProject
Project("{FAE04EC0-301F-11D3-BF4B-00C04F79EFBC}") = "Crowe.HelloWorld.Business", "Crowe.HelloWorld.Business\Crowe.HelloWorld.Business.csproj", "{0D88135F-691D-4AA0-B88D-1777455ACABA}"
EndProject
Project("{FAE04EC0-301F-11D3-BF4B-00C04F79EFBC}") = "Crowe.HelloWorld.Data", "Crowe.HelloWorld.Data\Crowe.HelloWorld.Data.csproj", "{8D95CCA9-871E-4E2A-AD15-78F33522C22F}"
EndProject
Global
	GlobalSection(SolutionConfigurationPlatforms) = preSolution
		Debug|Any CPU = Debug|Any CPU
		Release|Any CPU = Release|Any CPU
	EndGlobalSection
	GlobalSection(ProjectConfigurationPlatforms) = postSolution
		{1E5F730B-5667-46AD-A8DC-EB7F4C8C7639}.Debug|Any CPU.ActiveCfg = Debug|Any CPU
		{1E5F730B-5667-46AD-A8DC-EB7F4C8C7639}.Debug|Any CPU.Build.0 = Debug|Any CPU
		{1E5F730B-5667-46AD-A8DC-EB7F4C8C7639}.Release|Any CPU.ActiveCfg = Release|Any CPU
		{1E5F730B-5667-46AD-A8DC-EB7F4C8C7639}.Release|Any CPU.Build.0 = Release|Any CPU
		{1C77710E-4D76-4C91-8B5A-5A531CCF419F}.Debug|Any CPU.ActiveCfg = Debug|Any CPU
		{1C77710E-4D76-4C91-8B5A-5A531CCF419F}.Debug|Any CPU.Build.0 = Debug|Any CPU
		{1C77710E-4D76-4C91-8B5A-5A531CCF419F}.Release|Any CPU.ActiveCfg = Release|Any CPU
		{1C77710E-4D76-4C91-8B5A-5A531CCF419F}.Release|Any CPU.Build.0 = Release|Any CPU
		{70ECA4BA-CAC1-467A-90AB-F7CFE0B5C868}.Debug|Any CPU.ActiveCfg = Debug|Any CPU
		{70ECA4BA-CAC1-467A-90AB-F7CFE0B5C868}.Debug|Any CPU.Build.0 = Debug|Any CPU
		{70ECA4BA-CAC1-467A-90AB-F7CFE0B5C868}.Release|Any CPU.ActiveCfg = Release|Any CPU
		{70ECA4BA-CAC1-467A-90AB-F7CFE0B5C868}.Release|Any CPU.Build.0 = Release|Any CPU
		{0D88135F-691D-4AA0-B88D-1777455ACABA}.Debug|Any CPU.ActiveCfg = Debug|Any CPU
		{0D88135F-691D-4AA0-B88D-1777455ACABA}.Debug|Any CPU.Build.0 = Debug|Any CPU
		{0D88135F-691D-4AA0-B88D-1777455ACABA}.Release|Any CPU.ActiveCfg = Release|Any CPU
		{0D88135F-691D-4AA0-B88D-1777455ACABA}.Release|Any CPU.Build.0 = Release|Any CPU
		{8D95CCA9-871E-4E2A-AD15-78F33522C22F}.Debug|Any CPU.ActiveCfg = Debug|Any CPU
		{8D95CCA9-871E-4E2A-AD15-78F33522C22F}.Debug|Any CPU.Build.0 = Debug|Any CPU
		{8D95CCA9-871E-4E2A-AD15-78F33522C22F}.Release|Any CPU.ActiveCfg = Release|Any CPU
		{8D95CCA9-871E-4E2A-AD15-78F33522C22F}.Release|Any CPU.Build.0 = Release|Any CPU
	EndGlobalSection
	GlobalSection(SolutionProperties) = preSolution
		HideSolutionNode = FALSE
	EndGlobalSection
	GlobalSection(ExtensibilityGlobals) = postSolution
		SolutionGuid = {404C7837-3EF0-4864-AFFE-11ACD124078A}
	EndGlobalSection
EndGlobal
